
Microsoft Visual Studio Solution File, Format Version 12.00
# Visual Studio Version 17
VisualStudioVersion = 17.9.34728.123
MinimumVisualStudioVersion = 10.0.40219.1
Project("{FAE04EC0-301F-11D3-BF4B-00C04F79EFBC}") = "Class41", "Class41\Class41.csproj", "{7B818274-E3C6-434E-ABE3-BEACAEF95AEB}"
EndProject
Global
	GlobalSection(SolutionConfigurationPlatforms) = preSolution
		Debug|Any CPU = Debug|Any CPU
		Release|Any CPU = Release|Any CPU
	EndGlobalSection
	GlobalSection(ProjectConfigurationPlatforms) = postSolution
		{7B818274-E3C6-434E-ABE3-BEACAEF95AEB}.Debug|Any CPU.ActiveCfg = Debug|Any CPU
		{7B818274-E3C6-434E-ABE3-BEACAEF95AEB}.Debug|Any CPU.Build.0 = Debug|Any CPU
		{7B818274-E3C6-434E-ABE3-BEACAEF95AEB}.Release|Any CPU.ActiveCfg = Release|Any CPU
		{7B818274-E3C6-434E-ABE3-BEACAEF95AEB}.Release|Any CPU.Build.0 = Release|Any CPU
	EndGlobalSection
	GlobalSection(SolutionProperties) = preSolution
		HideSolutionNode = FALSE
	EndGlobalSection
	GlobalSection(ExtensibilityGlobals) = postSolution
		SolutionGuid = {302F293E-51CB-4CDD-A067-B7252C2624E9}
	EndGlobalSection
EndGlobal
