
Microsoft Visual Studio Solution File, Format Version 12.00
# Visual Studio Version 17
VisualStudioVersion = 17.9.34728.123
MinimumVisualStudioVersion = 10.0.40219.1
Project("{FAE04EC0-301F-11D3-BF4B-00C04F79EFBC}") = "Class12", "Class12\Class12.csproj", "{168BD107-9199-4163-8658-78E2668C978B}"
EndProject
Global
	GlobalSection(SolutionConfigurationPlatforms) = preSolution
		Debug|Any CPU = Debug|Any CPU
		Release|Any CPU = Release|Any CPU
	EndGlobalSection
	GlobalSection(ProjectConfigurationPlatforms) = postSolution
		{168BD107-9199-4163-8658-78E2668C978B}.Debug|Any CPU.ActiveCfg = Debug|Any CPU
		{168BD107-9199-4163-8658-78E2668C978B}.Debug|Any CPU.Build.0 = Debug|Any CPU
		{168BD107-9199-4163-8658-78E2668C978B}.Release|Any CPU.ActiveCfg = Release|Any CPU
		{168BD107-9199-4163-8658-78E2668C978B}.Release|Any CPU.Build.0 = Release|Any CPU
	EndGlobalSection
	GlobalSection(SolutionProperties) = preSolution
		HideSolutionNode = FALSE
	EndGlobalSection
	GlobalSection(ExtensibilityGlobals) = postSolution
		SolutionGuid = {6B69CCD7-7487-4A49-ACAD-BECB32332A43}
	EndGlobalSection
EndGlobal
