
Microsoft Visual Studio Solution File, Format Version 12.00
# Visual Studio Version 17
VisualStudioVersion = 17.9.34728.123
MinimumVisualStudioVersion = 10.0.40219.1
Project("{FAE04EC0-301F-11D3-BF4B-00C04F79EFBC}") = "Exercicio", "Exercicio.csproj", "{836840AF-70F5-49E6-A747-3FDD8E1A670E}"
EndProject
Global
	GlobalSection(SolutionConfigurationPlatforms) = preSolution
		Debug|Any CPU = Debug|Any CPU
		Release|Any CPU = Release|Any CPU
	EndGlobalSection
	GlobalSection(ProjectConfigurationPlatforms) = postSolution
		{836840AF-70F5-49E6-A747-3FDD8E1A670E}.Debug|Any CPU.ActiveCfg = Debug|Any CPU
		{836840AF-70F5-49E6-A747-3FDD8E1A670E}.Debug|Any CPU.Build.0 = Debug|Any CPU
		{836840AF-70F5-49E6-A747-3FDD8E1A670E}.Release|Any CPU.ActiveCfg = Release|Any CPU
		{836840AF-70F5-49E6-A747-3FDD8E1A670E}.Release|Any CPU.Build.0 = Release|Any CPU
	EndGlobalSection
	GlobalSection(SolutionProperties) = preSolution
		HideSolutionNode = FALSE
	EndGlobalSection
	GlobalSection(ExtensibilityGlobals) = postSolution
		SolutionGuid = {0CA79D4B-44C3-4103-869C-F8FD6148C042}
	EndGlobalSection
EndGlobal
